#MicroXplorer Configuration settings - do not modify
Dma.Request0=SPI3_RX
Dma.Request1=SPI3_TX
Dma.Request2=USART6_TX
Dma.Request3=USART1_RX
Dma.Request4=USART1_TX
Dma.RequestsNb=5
Dma.SPI3_RX.0.Direction=DMA_PERIPH_TO_MEMORY
Dma.SPI3_RX.0.FIFOMode=DMA_FIFOMODE_DISABLE
Dma.SPI3_RX.0.Instance=DMA1_Stream0
Dma.SPI3_RX.0.MemDataAlignment=DMA_MDATAALIGN_HALFWORD
Dma.SPI3_RX.0.MemInc=DMA_MINC_ENABLE
Dma.SPI3_RX.0.Mode=DMA_NORMAL
Dma.SPI3_RX.0.PeriphDataAlignment=DMA_PDATAALIGN_HALFWORD
Dma.SPI3_RX.0.PeriphInc=DMA_PINC_DISABLE
Dma.SPI3_RX.0.Priority=DMA_PRIORITY_VERY_HIGH
Dma.SPI3_RX.0.RequestParameters=Instance,Direction,PeriphInc,MemInc,PeriphDataAlignment,MemDataAlignment,Mode,Priority,FIFOMode
Dma.SPI3_TX.1.Direction=DMA_MEMORY_TO_PERIPH
Dma.SPI3_TX.1.FIFOMode=DMA_FIFOMODE_DISABLE
Dma.SPI3_TX.1.Instance=DMA1_Stream5
Dma.SPI3_TX.1.MemDataAlignment=DMA_MDATAALIGN_HALFWORD
Dma.SPI3_TX.1.MemInc=DMA_MINC_ENABLE
Dma.SPI3_TX.1.Mode=DMA_NORMAL
Dma.SPI3_TX.1.PeriphDataAlignment=DMA_PDATAALIGN_HALFWORD
Dma.SPI3_TX.1.PeriphInc=DMA_PINC_DISABLE
Dma.SPI3_TX.1.Priority=DMA_PRIORITY_VERY_HIGH
Dma.SPI3_TX.1.RequestParameters=Instance,Direction,PeriphInc,MemInc,PeriphDataAlignment,MemDataAlignment,Mode,Priority,FIFOMode
Dma.USART1_RX.3.Direction=DMA_PERIPH_TO_MEMORY
Dma.USART1_RX.3.FIFOMode=DMA_FIFOMODE_DISABLE
Dma.USART1_RX.3.Instance=DMA2_Stream2
Dma.USART1_RX.3.MemDataAlignment=DMA_MDATAALIGN_BYTE
Dma.USART1_RX.3.MemInc=DMA_MINC_ENABLE
Dma.USART1_RX.3.Mode=DMA_NORMAL
Dma.USART1_RX.3.PeriphDataAlignment=DMA_PDATAALIGN_BYTE
Dma.USART1_RX.3.PeriphInc=DMA_PINC_DISABLE
Dma.USART1_RX.3.Priority=DMA_PRIORITY_LOW
Dma.USART1_RX.3.RequestParameters=Instance,Direction,PeriphInc,MemInc,PeriphDataAlignment,MemDataAlignment,Mode,Priority,FIFOMode
Dma.USART1_TX.4.Direction=DMA_MEMORY_TO_PERIPH
Dma.USART1_TX.4.FIFOMode=DMA_FIFOMODE_DISABLE
Dma.USART1_TX.4.Instance=DMA2_Stream7
Dma.USART1_TX.4.MemDataAlignment=DMA_MDATAALIGN_BYTE
Dma.USART1_TX.4.MemInc=DMA_MINC_ENABLE
Dma.USART1_TX.4.Mode=DMA_NORMAL
Dma.USART1_TX.4.PeriphDataAlignment=DMA_PDATAALIGN_BYTE
Dma.USART1_TX.4.PeriphInc=DMA_PINC_DISABLE
Dma.USART1_TX.4.Priority=DMA_PRIORITY_LOW
Dma.USART1_TX.4.RequestParameters=Instance,Direction,PeriphInc,MemInc,PeriphDataAlignment,MemDataAlignment,Mode,Priority,FIFOMode
Dma.USART6_TX.2.Direction=DMA_MEMORY_TO_PERIPH
Dma.USART6_TX.2.FIFOMode=DMA_FIFOMODE_DISABLE
Dma.USART6_TX.2.Instance=DMA2_Stream6
Dma.USART6_TX.2.MemDataAlignment=DMA_MDATAALIGN_BYTE
Dma.USART6_TX.2.MemInc=DMA_MINC_ENABLE
Dma.USART6_TX.2.Mode=DMA_NORMAL
Dma.USART6_TX.2.PeriphDataAlignment=DMA_PDATAALIGN_BYTE
Dma.USART6_TX.2.PeriphInc=DMA_PINC_DISABLE
Dma.USART6_TX.2.Priority=DMA_PRIORITY_LOW
Dma.USART6_TX.2.RequestParameters=Instance,Direction,PeriphInc,MemInc,PeriphDataAlignment,MemDataAlignment,Mode,Priority,FIFOMode
File.Version=6
GPIO.groupedBy=Group By Peripherals
KeepUserPlacement=false
Mcu.Family=STM32F4
Mcu.IP0=DMA
Mcu.IP1=I2C1
Mcu.IP10=USART3
Mcu.IP11=USART6
Mcu.IP2=NVIC
Mcu.IP3=RCC
Mcu.IP4=SPI1
Mcu.IP5=SPI3
Mcu.IP6=SYS
Mcu.IP7=TIM14
Mcu.IP8=USART1
Mcu.IP9=USART2
Mcu.IPNb=12
Mcu.Name=STM32F407Z(E-G)Tx
Mcu.Package=LQFP144
Mcu.Pin0=PC14-OSC32_IN
Mcu.Pin1=PC15-OSC32_OUT
Mcu.Pin10=PD8
Mcu.Pin11=PD9
Mcu.Pin12=PD10
Mcu.Pin13=PD11
Mcu.Pin14=PD12
Mcu.Pin15=PD13
Mcu.Pin16=PD14
Mcu.Pin17=PD15
Mcu.Pin18=PG2
Mcu.Pin19=PG3
Mcu.Pin2=PF6
Mcu.Pin20=PG4
Mcu.Pin21=PG5
Mcu.Pin22=PG6
Mcu.Pin23=PG7
Mcu.Pin24=PG8
Mcu.Pin25=PC6
Mcu.Pin26=PC7
Mcu.Pin27=PA9
Mcu.Pin28=PA10
Mcu.Pin29=PA13
Mcu.Pin3=PF7
Mcu.Pin30=PA14
Mcu.Pin31=PA15
Mcu.Pin32=PC10
Mcu.Pin33=PC11
Mcu.Pin34=PC12
Mcu.Pin35=PD0
Mcu.Pin36=PD1
Mcu.Pin37=PD2
Mcu.Pin38=PD3
Mcu.Pin39=PG13
Mcu.Pin4=PH0-OSC_IN
Mcu.Pin40=PG14
Mcu.Pin41=PB3
Mcu.Pin42=PB4
Mcu.Pin43=PB5
Mcu.Pin44=PB8
Mcu.Pin45=PB9
Mcu.Pin46=VP_SYS_VS_tim7
Mcu.Pin47=VP_TIM14_VS_ClockSourceINT
Mcu.Pin5=PH1-OSC_OUT
Mcu.Pin6=PA2
Mcu.Pin7=PA3
Mcu.Pin8=PB10
Mcu.Pin9=PB11
Mcu.PinsNb=48
Mcu.ThirdPartyNb=0
Mcu.UserConstants=
Mcu.UserName=STM32F407ZGTx
MxCube.Version=6.3.0
MxDb.Version=DB.6.0.30
NVIC.BusFault_IRQn=true\:0\:0\:false\:false\:true\:false\:false
NVIC.DMA1_Stream0_IRQn=true\:1\:0\:true\:false\:true\:true\:true
NVIC.DMA1_Stream5_IRQn=true\:1\:0\:true\:false\:true\:true\:true
NVIC.DMA2_Stream2_IRQn=true\:5\:0\:true\:false\:true\:false\:true
NVIC.DMA2_Stream6_IRQn=true\:5\:0\:true\:false\:true\:false\:true
NVIC.DMA2_Stream7_IRQn=true\:5\:0\:true\:false\:true\:false\:true
NVIC.DebugMonitor_IRQn=true\:0\:0\:false\:false\:true\:false\:false
NVIC.ForceEnableDMAVector=false
NVIC.HardFault_IRQn=true\:0\:0\:false\:false\:false\:false\:false
NVIC.MemoryManagement_IRQn=true\:0\:0\:false\:false\:true\:false\:false
NVIC.NonMaskableInt_IRQn=true\:0\:0\:false\:false\:true\:false\:false
NVIC.PendSV_IRQn=true\:0\:0\:false\:false\:false\:false\:false
NVIC.PriorityGroup=NVIC_PRIORITYGROUP_4
NVIC.SVCall_IRQn=true\:0\:0\:false\:false\:false\:false\:false
NVIC.SysTick_IRQn=true\:0\:0\:false\:false\:false\:false\:false
NVIC.TIM7_IRQn=true\:15\:0\:true\:false\:true\:false\:true
NVIC.TIM8_TRG_COM_TIM14_IRQn=true\:1\:0\:true\:false\:true\:true\:true
NVIC.TimeBase=TIM7_IRQn
NVIC.TimeBaseIP=TIM7
NVIC.USART6_IRQn=true\:9\:0\:true\:false\:true\:true\:true
NVIC.UsageFault_IRQn=true\:0\:0\:false\:false\:true\:false\:false
PA10.Mode=Asynchronous
PA10.Signal=USART1_RX
PA13.Mode=Serial_Wire
PA13.Signal=SYS_JTMS-SWDIO
PA14.Mode=Serial_Wire
PA14.Signal=SYS_JTCK-SWCLK
PA15.GPIOParameters=GPIO_Speed,PinState,GPIO_PuPd,GPIO_Label,GPIO_ModeDefaultOutputPP
PA15.GPIO_Label=ADS8688_CS
PA15.GPIO_ModeDefaultOutputPP=GPIO_MODE_OUTPUT_PP
PA15.GPIO_PuPd=GPIO_PULLUP
PA15.GPIO_Speed=GPIO_SPEED_FREQ_VERY_HIGH
PA15.Locked=true
PA15.PinState=GPIO_PIN_SET
PA15.Signal=GPIO_Output
PA2.Mode=Asynchronous
PA2.Signal=USART2_TX
PA3.Mode=Asynchronous
PA3.Signal=USART2_RX
PA9.Mode=Asynchronous
PA9.Signal=USART1_TX
PB10.Mode=Asynchronous
PB10.Signal=USART3_TX
PB11.Mode=Asynchronous
PB11.Signal=USART3_RX
PB3.GPIOParameters=GPIO_Label
PB3.GPIO_Label=W25QXX_SCK
PB3.Locked=true
PB3.Mode=Full_Duplex_Master
PB3.Signal=SPI1_SCK
PB4.GPIOParameters=GPIO_Label
PB4.GPIO_Label=W25QXX_MISO
PB4.Locked=true
PB4.Mode=Full_Duplex_Master
PB4.Signal=SPI1_MISO
PB5.GPIOParameters=GPIO_Label
PB5.GPIO_Label=W25QXX_MOSI
PB5.Locked=true
PB5.Mode=Full_Duplex_Master
PB5.Signal=SPI1_MOSI
PB8.GPIOParameters=GPIO_Label
PB8.GPIO_Label=AT24CXX_SCL
PB8.Locked=true
PB8.Mode=I2C
PB8.Signal=I2C1_SCL
PB9.GPIOParameters=GPIO_Label
PB9.GPIO_Label=AT24CXX_SDA
PB9.Locked=true
PB9.Mode=I2C
PB9.Signal=I2C1_SDA
PC10.GPIOParameters=GPIO_Label
PC10.GPIO_Label=ADS8688_SCK
PC10.Mode=Full_Duplex_Master
PC10.Signal=SPI3_SCK
PC11.GPIOParameters=GPIO_Label
PC11.GPIO_Label=ADS8688_MISO
PC11.Mode=Full_Duplex_Master
PC11.Signal=SPI3_MISO
PC12.GPIOParameters=GPIO_Label
PC12.GPIO_Label=ADS8688_MOSI
PC12.Mode=Full_Duplex_Master
PC12.Signal=SPI3_MOSI
PC14-OSC32_IN.Mode=LSE-External-Oscillator
PC14-OSC32_IN.Signal=RCC_OSC32_IN
PC15-OSC32_OUT.Mode=LSE-External-Oscillator
PC15-OSC32_OUT.Signal=RCC_OSC32_OUT
PC6.Mode=Asynchronous
PC6.Signal=USART6_TX
PC7.Mode=Asynchronous
PC7.Signal=USART6_RX
PD0.GPIOParameters=PinState,GPIO_PuPd,GPIO_Label,GPIO_ModeDefaultOutputPP
PD0.GPIO_Label=ADS8688_GND1
PD0.GPIO_ModeDefaultOutputPP=GPIO_MODE_OUTPUT_PP
PD0.GPIO_PuPd=GPIO_PULLDOWN
PD0.Locked=true
PD0.PinState=GPIO_PIN_RESET
PD0.Signal=GPIO_Output
PD1.GPIOParameters=PinState,GPIO_PuPd,GPIO_Label,GPIO_ModeDefaultOutputPP
PD1.GPIO_Label=ADS8688_GND2
PD1.GPIO_ModeDefaultOutputPP=GPIO_MODE_OUTPUT_PP
PD1.GPIO_PuPd=GPIO_PULLDOWN
PD1.Locked=true
PD1.PinState=GPIO_PIN_RESET
PD1.Signal=GPIO_Output
PD10.GPIOParameters=GPIO_Label
PD10.GPIO_Label=AD9959_PWR
PD10.Locked=true
PD10.Signal=GPIO_Output
PD11.GPIOParameters=GPIO_Label
PD11.GPIO_Label=AD9959_P1
PD11.Locked=true
PD11.Signal=GPIO_Output
PD12.GPIOParameters=GPIO_Label
PD12.GPIO_Label=AD9959_REST
PD12.Locked=true
PD12.Signal=GPIO_Output
PD13.GPIOParameters=GPIO_Label
PD13.GPIO_Label=AD9959_P2
PD13.Locked=true
PD13.Signal=GPIO_Output
PD14.GPIOParameters=GPIO_Label
PD14.GPIO_Label=AD9959_IOUP
PD14.Locked=true
PD14.Signal=GPIO_Output
PD15.GPIOParameters=GPIO_Label
PD15.GPIO_Label=AD9959_P3
PD15.Locked=true
PD15.Signal=GPIO_Output
PD2.GPIOParameters=GPIO_Speed,PinState,GPIO_PuPd,GPIO_Label,GPIO_ModeDefaultOutputPP
PD2.GPIO_Label=ADS8688_DAISY
PD2.GPIO_ModeDefaultOutputPP=GPIO_MODE_OUTPUT_PP
PD2.GPIO_PuPd=GPIO_PULLUP
PD2.GPIO_Speed=GPIO_SPEED_FREQ_LOW
PD2.Locked=true
PD2.PinState=GPIO_PIN_SET
PD2.Signal=GPIO_Output
PD3.GPIOParameters=GPIO_Speed,PinState,GPIO_PuPd,GPIO_Label,GPIO_ModeDefaultOutputPP
PD3.GPIO_Label=ADS8688_RST
PD3.GPIO_ModeDefaultOutputPP=GPIO_MODE_OUTPUT_PP
PD3.GPIO_PuPd=GPIO_PULLUP
PD3.GPIO_Speed=GPIO_SPEED_FREQ_LOW
PD3.Locked=true
PD3.PinState=GPIO_PIN_SET
PD3.Signal=GPIO_Output
PD8.GPIOParameters=GPIO_Label
PD8.GPIO_Label=AD9959_GND
PD8.Locked=true
PD8.Signal=GPIO_Output
PD9.GPIOParameters=GPIO_Label
PD9.GPIO_Label=AD9959_P0
PD9.Locked=true
PD9.Signal=GPIO_Output
PF6.GPIOParameters=GPIO_PuPd,GPIO_Label
PF6.GPIO_Label=KEY0
PF6.GPIO_PuPd=GPIO_PULLUP
PF6.Locked=true
PF6.Signal=GPIO_Input
PF7.GPIOParameters=GPIO_PuPd,GPIO_Label
PF7.GPIO_Label=KEY1
PF7.GPIO_PuPd=GPIO_PULLUP
PF7.Locked=true
PF7.Signal=GPIO_Input
PG13.GPIOParameters=GPIO_Speed,PinState,GPIO_PuPd,GPIO_Label
PG13.GPIO_Label=LED0
PG13.GPIO_PuPd=GPIO_PULLUP
PG13.GPIO_Speed=GPIO_SPEED_FREQ_VERY_HIGH
PG13.Locked=true
PG13.PinState=GPIO_PIN_SET
PG13.Signal=GPIO_Output
PG14.GPIOParameters=GPIO_Speed,PinState,GPIO_PuPd,GPIO_Label
PG14.GPIO_Label=LED1
PG14.GPIO_PuPd=GPIO_PULLUP
PG14.GPIO_Speed=GPIO_SPEED_FREQ_VERY_HIGH
PG14.Locked=true
PG14.PinState=GPIO_PIN_SET
PG14.Signal=GPIO_Output
PG2.GPIOParameters=GPIO_Label
PG2.GPIO_Label=AD9959_CS
PG2.Locked=true
PG2.Signal=GPIO_Output
PG3.GPIOParameters=GPIO_Label
PG3.GPIO_Label=AD9959_SD0
PG3.Locked=true
PG3.Signal=GPIO_Output
PG4.GPIOParameters=GPIO_Label
PG4.GPIO_Label=AD9959_SCLK
PG4.Locked=true
PG4.Signal=GPIO_Output
PG5.GPIOParameters=GPIO_Label
PG5.GPIO_Label=AD9959_SD1
PG5.Locked=true
PG5.Signal=GPIO_Output
PG6.GPIOParameters=GPIO_Label
PG6.GPIO_Label=AD9959_SD3
PG6.Locked=true
PG6.Signal=GPIO_Output
PG7.GPIOParameters=GPIO_Label
PG7.GPIO_Label=AD9959_SD2
PG7.Locked=true
PG7.Signal=GPIO_Output
PG8.GPIOParameters=GPIO_Speed,PinState,GPIO_PuPd,GPIO_Label
PG8.GPIO_Label=W25QXX_CS
PG8.GPIO_PuPd=GPIO_PULLUP
PG8.GPIO_Speed=GPIO_SPEED_FREQ_VERY_HIGH
PG8.Locked=true
PG8.PinState=GPIO_PIN_SET
PG8.Signal=GPIO_Output
PH0-OSC_IN.Mode=HSE-External-Oscillator
PH0-OSC_IN.Signal=RCC_OSC_IN
PH1-OSC_OUT.Mode=HSE-External-Oscillator
PH1-OSC_OUT.Signal=RCC_OSC_OUT
PinOutPanel.RotationAngle=0
ProjectManager.AskForMigrate=true
ProjectManager.BackupPrevious=false
ProjectManager.CompilerOptimize=6
ProjectManager.ComputerToolchain=false
ProjectManager.CoupleFile=true
ProjectManager.CustomerFirmwarePackage=
ProjectManager.DefaultFWLocation=true
ProjectManager.DeletePrevious=true
ProjectManager.DeviceId=STM32F407ZGTx
ProjectManager.FirmwarePackage=STM32Cube FW_F4 V1.26.2
ProjectManager.FreePins=false
ProjectManager.HalAssertFull=false
ProjectManager.HeapSize=0x200
ProjectManager.KeepUserCode=true
ProjectManager.LastFirmware=true
ProjectManager.LibraryCopy=1
ProjectManager.MainLocation=Core/Src
ProjectManager.NoMain=false
ProjectManager.PreviousToolchain=
ProjectManager.ProjectBuild=false
ProjectManager.ProjectFileName=F4P_03RT.ioc
ProjectManager.ProjectName=F4P_03RT
ProjectManager.RegisterCallBack=
ProjectManager.StackSize=0x400
ProjectManager.TargetToolchain=STM32CubeIDE
ProjectManager.ToolChainLocation=
ProjectManager.UnderRoot=true
ProjectManager.functionlistsort=1-SystemClock_Config-RCC-false-HAL-false,2-MX_GPIO_Init-GPIO-false-HAL-true,3-MX_I2C1_Init-I2C1-false-HAL-true,4-MX_SPI1_Init-SPI1-false-HAL-true,5-MX_USART1_UART_Init-USART1-false-HAL-true,6-MX_USART3_UART_Init-USART3-false-HAL-true,7-MX_DMA_Init-DMA-false-HAL-true,8-MX_SPI3_Init-SPI3-false-HAL-true,9-MX_USART6_UART_Init-USART6-false-HAL-true,10-MX_USART2_UART_Init-USART2-false-HAL-true,11-MX_TIM14_Init-TIM14-false-HAL-true
RCC.48MHZClocksFreq_Value=84000000
RCC.AHBFreq_Value=168000000
RCC.APB1CLKDivider=RCC_HCLK_DIV4
RCC.APB1Freq_Value=42000000
RCC.APB1TimFreq_Value=84000000
RCC.APB2CLKDivider=RCC_HCLK_DIV2
RCC.APB2Freq_Value=84000000
RCC.APB2TimFreq_Value=168000000
RCC.CortexFreq_Value=168000000
RCC.EthernetFreq_Value=168000000
RCC.FCLKCortexFreq_Value=168000000
RCC.FamilyName=M
RCC.HCLKFreq_Value=168000000
RCC.HSE_VALUE=8000000
RCC.HSI_VALUE=16000000
RCC.I2SClocksFreq_Value=192000000
RCC.IPParameters=48MHZClocksFreq_Value,AHBFreq_Value,APB1CLKDivider,APB1Freq_Value,APB1TimFreq_Value,APB2CLKDivider,APB2Freq_Value,APB2TimFreq_Value,CortexFreq_Value,EthernetFreq_Value,FCLKCortexFreq_Value,FamilyName,HCLKFreq_Value,HSE_VALUE,HSI_VALUE,I2SClocksFreq_Value,LSI_VALUE,MCO2PinFreq_Value,PLLCLKFreq_Value,PLLM,PLLN,PLLQCLKFreq_Value,PLLSourceVirtual,RTCFreq_Value,RTCHSEDivFreq_Value,SYSCLKFreq_VALUE,SYSCLKSource,VCOI2SOutputFreq_Value,VCOInputFreq_Value,VCOOutputFreq_Value,VcooutputI2S
RCC.LSI_VALUE=32000
RCC.MCO2PinFreq_Value=168000000
RCC.PLLCLKFreq_Value=168000000
RCC.PLLM=4
RCC.PLLN=168
RCC.PLLQCLKFreq_Value=84000000
RCC.PLLSourceVirtual=RCC_PLLSOURCE_HSE
RCC.RTCFreq_Value=32000
RCC.RTCHSEDivFreq_Value=4000000
RCC.SYSCLKFreq_VALUE=168000000
RCC.SYSCLKSource=RCC_SYSCLKSOURCE_PLLCLK
RCC.VCOI2SOutputFreq_Value=384000000
RCC.VCOInputFreq_Value=2000000
RCC.VCOOutputFreq_Value=336000000
RCC.VcooutputI2S=192000000
SPI1.BaudRatePrescaler=SPI_BAUDRATEPRESCALER_256
SPI1.CLKPhase=SPI_PHASE_2EDGE
SPI1.CLKPolarity=SPI_POLARITY_HIGH
SPI1.CalculateBaudRate=328.125 KBits/s
SPI1.Direction=SPI_DIRECTION_2LINES
SPI1.IPParameters=VirtualType,Mode,Direction,CalculateBaudRate,BaudRatePrescaler,CLKPolarity,CLKPhase
SPI1.Mode=SPI_MODE_MASTER
SPI1.VirtualType=VM_MASTER
SPI3.BaudRatePrescaler=SPI_BAUDRATEPRESCALER_2
SPI3.CLKPhase=SPI_PHASE_2EDGE
SPI3.CalculateBaudRate=21.0 MBits/s
SPI3.DataSize=SPI_DATASIZE_16BIT
SPI3.Direction=SPI_DIRECTION_2LINES
SPI3.IPParameters=VirtualType,Mode,Direction,CalculateBaudRate,DataSize,CLKPhase,BaudRatePrescaler
SPI3.Mode=SPI_MODE_MASTER
SPI3.VirtualType=VM_MASTER
TIM14.IPParameters=Prescaler,Period
TIM14.Period=50-1
TIM14.Prescaler=35-1
USART1.IPParameters=VirtualMode
USART1.VirtualMode=VM_ASYNC
USART2.IPParameters=VirtualMode
USART2.VirtualMode=VM_ASYNC
USART3.IPParameters=VirtualMode
USART3.VirtualMode=VM_ASYNC
USART6.IPParameters=VirtualMode
USART6.VirtualMode=VM_ASYNC
VP_SYS_VS_tim7.Mode=TIM7
VP_SYS_VS_tim7.Signal=SYS_VS_tim7
VP_TIM14_VS_ClockSourceINT.Mode=Enable_Timer
VP_TIM14_VS_ClockSourceINT.Signal=TIM14_VS_ClockSourceINT
board=custom
isbadioc=false
